
Microsoft Visual Studio Solution File, Format Version 12.00
# Visual Studio Version 17
VisualStudioVersion = 17.8.34316.72
MinimumVisualStudioVersion = 10.0.40219.1
Project("{FAE04EC0-301F-11D3-BF4B-00C04F79EFBC}") = "SampleWebApi", "SampleWebApi\SampleWebApi.csproj", "{1AE964FE-0737-4403-A923-0C28281CC9C2}"
EndProject
Global
	GlobalSection(SolutionConfigurationPlatforms) = preSolution
		Debug|Any CPU = Debug|Any CPU
		Release|Any CPU = Release|Any CPU
	EndGlobalSection
	GlobalSection(ProjectConfigurationPlatforms) = postSolution
		{1AE964FE-0737-4403-A923-0C28281CC9C2}.Debug|Any CPU.ActiveCfg = Debug|Any CPU
		{1AE964FE-0737-4403-A923-0C28281CC9C2}.Debug|Any CPU.Build.0 = Debug|Any CPU
		{1AE964FE-0737-4403-A923-0C28281CC9C2}.Release|Any CPU.ActiveCfg = Release|Any CPU
		{1AE964FE-0737-4403-A923-0C28281CC9C2}.Release|Any CPU.Build.0 = Release|Any CPU
	EndGlobalSection
	GlobalSection(SolutionProperties) = preSolution
		HideSolutionNode = FALSE
	EndGlobalSection
	GlobalSection(ExtensibilityGlobals) = postSolution
		SolutionGuid = {D215472A-9E20-43B9-977E-5AC05F040A5E}
	EndGlobalSection
EndGlobal
